
Microsoft Visual Studio Solution File, Format Version 12.00
# Visual Studio Version 16
VisualStudioVersion = 16.0.30309.148
MinimumVisualStudioVersion = 10.0.40219.1
Project("{FAE04EC0-301F-11D3-BF4B-00C04F79EFBC}") = "GenericRepository", "GenericRepository\GenericRepository.csproj", "{DDE918E7-4936-4C18-A644-F78F061F04CE}"
EndProject
Global
	GlobalSection(SolutionConfigurationPlatforms) = preSolution
		Debug|Any CPU = Debug|Any CPU
		Release|Any CPU = Release|Any CPU
	EndGlobalSection
	GlobalSection(ProjectConfigurationPlatforms) = postSolution
		{DDE918E7-4936-4C18-A644-F78F061F04CE}.Debug|Any CPU.ActiveCfg = Debug|Any CPU
		{DDE918E7-4936-4C18-A644-F78F061F04CE}.Debug|Any CPU.Build.0 = Debug|Any CPU
		{DDE918E7-4936-4C18-A644-F78F061F04CE}.Release|Any CPU.ActiveCfg = Release|Any CPU
		{DDE918E7-4936-4C18-A644-F78F061F04CE}.Release|Any CPU.Build.0 = Release|Any CPU
	EndGlobalSection
	GlobalSection(SolutionProperties) = preSolution
		HideSolutionNode = FALSE
	EndGlobalSection
	GlobalSection(ExtensibilityGlobals) = postSolution
		SolutionGuid = {2CB5A52D-17EF-426F-B28B-FDBE61BF9213}
	EndGlobalSection
EndGlobal
